#MicroXplorer Configuration settings - do not modify
Mcu.Family=STM32F1
ProjectManager.MainLocation=Core/Src
RCC.MCOFreq_Value=24000000
PB13.GPIOParameters=GPIO_Label,GPIO_ModeDefaultEXTI
ProjectManager.KeepUserCode=true
Mcu.UserName=STM32F100C6Tx
RCC.PLLCLKFreq_Value=24000000
PC13-TAMPER-RTC.GPIOParameters=GPIO_Label
PB14.GPIO_Label=ROT_V_B
PA12.GPIOParameters=GPIO_Label
ProjectManager.functionlistsort=1-MX_GPIO_Init-GPIO-false-HAL-true,2-SystemClock_Config-RCC-false-HAL-false,3-MX_TIM15_Init-TIM15-false-HAL-true,4-MX_I2C1_Init-I2C1-false-HAL-true,5-MX_USART1_UART_Init-USART1-false-HAL-true
PA11.GPIOParameters=GPIO_Label,GPIO_ModeDefaultEXTI
PA3.GPIOParameters=GPIO_Label
RCC.ADCFreqValue=12000000
PA6.GPIO_Label=D6
PB0.GPIO_Label=WR_V0
USART1.IPParameters=VirtualMode
PB13.GPIO_Label=ROT_V_A
PB11.Signal=GPIO_Output
PB13.Signal=GPXTI13
PB15.Signal=GPXTI15
PA2.GPIOParameters=GPIO_Label
PC15-OSC32_OUT.GPIO_Label=A1_A0
PinOutPanel.RotationAngle=0
RCC.SYSCLKSource=RCC_SYSCLKSOURCE_PLLCLK
ProjectManager.StackSize=0x400
PD1-OSC_OUT.Locked=true
PD1-OSC_OUT.Signal=GPIO_Output
SH.GPXTI13.0=GPIO_EXTI13
Mcu.IP4=TIM15
RCC.FCLKCortexFreq_Value=24000000
Mcu.IP5=USART1
NVIC.SVCall_IRQn=true\:0\:0\:false\:false\:true\:false\:false
Mcu.IP2=RCC
Mcu.IP3=SYS
Mcu.IP0=I2C1
PA12.Locked=true
Mcu.IP1=NVIC
PD1-OSC_OUT.GPIO_Label=A1_A1
PA12.Signal=GPIO_Input
Mcu.UserConstants=
TIM15.Prescaler=24
SH.GPXTI13.ConfNb=1
Mcu.ThirdPartyNb=0
RCC.HCLKFreq_Value=24000000
Mcu.IPNb=6
ProjectManager.PreviousToolchain=STM32CubeIDE
RCC.APB2TimFreq_Value=24000000
PB6.Signal=I2C1_SCL
PB6.Mode=I2C
PA8.GPIOParameters=GPIO_Label
Mcu.Pin6=PA1
Mcu.Pin7=PA2
Mcu.Pin8=PA3
Mcu.Pin9=PA4
RCC.AHBFreq_Value=24000000
PB13.Locked=true
Mcu.Pin0=PC13-TAMPER-RTC
Mcu.Pin1=PC14-OSC32_IN
GPIO.groupedBy=Group By Peripherals
Mcu.Pin2=PC15-OSC32_OUT
Mcu.Pin3=PD0-OSC_IN
PA0-WKUP.GPIOParameters=GPIO_Label
Mcu.Pin4=PD1-OSC_OUT
NVIC.EXTI15_10_IRQn=true\:0\:0\:false\:false\:true\:true\:true
Mcu.Pin5=PA0-WKUP
ProjectManager.ProjectBuild=false
NVIC.UsageFault_IRQn=true\:0\:0\:false\:false\:true\:false\:false
NVIC.DebugMonitor_IRQn=true\:0\:0\:false\:false\:true\:false\:false
PB2.Signal=GPIO_Output
PA8.Locked=true
PA4.Locked=true
NVIC.SysTick_IRQn=true\:0\:0\:false\:false\:true\:false\:true
RCC.PLLMUL=RCC_PLL_MUL6
TIM15.Period=1000
PB12.GPIO_Label=A1_V1
ProjectManager.FirmwarePackage=STM32Cube FW_F1 V1.8.3
MxDb.Version=DB.6.0.21
PD1-OSC_OUT.GPIOParameters=GPIO_Label
PB0.GPIOParameters=GPIO_Label
PA1.GPIOParameters=GPIO_Label
ProjectManager.BackupPrevious=false
PA14.Mode=Serial_Wire
PB1.GPIO_Label=A0_V0
File.Version=6
PB7.Signal=I2C1_SDA
PB8.Locked=true
PA8.Signal=GPXTI8
SH.GPXTI11.ConfNb=1
NVIC.PendSV_IRQn=true\:0\:0\:false\:false\:true\:false\:false
VP_TIM15_VS_ClockSourceINT.Signal=TIM15_VS_ClockSourceINT
ProjectManager.HalAssertFull=false
PB0.Locked=true
PC14-OSC32_IN.GPIOParameters=GPIO_Label
ProjectManager.ProjectName=front
RCC.PLLMCOFreq_Value=12000000
Mcu.Package=LQFP48
PB9.Signal=GPIO_Output
PB1.Signal=GPIO_Output
PA6.Signal=GPIO_Output
PA5.Locked=true
SH.GPXTI11.0=GPIO_EXTI11
SH.GPXTI8.0=GPIO_EXTI8
ProjectManager.ToolChainLocation=
PA2.GPIO_Label=D2
VP_SYS_VS_Systick.Signal=SYS_VS_Systick
SH.GPXTI8.ConfNb=1
PA10.Signal=USART1_RX
PA5.GPIOParameters=GPIO_Label
PB14.GPIOParameters=GPIO_Label
RCC.APB1TimFreq_Value=24000000
NVIC.BusFault_IRQn=true\:0\:0\:false\:false\:true\:false\:false
PC14-OSC32_IN.GPIO_Label=A0_A0
PB10.GPIOParameters=GPIO_Label
PC15-OSC32_OUT.GPIOParameters=GPIO_Label
NVIC.USART1_IRQn=true\:0\:0\:false\:false\:true\:true\:true
PA4.GPIO_Label=D4
ProjectManager.CustomerFirmwarePackage=
PC14-OSC32_IN.Locked=true
PB15.Locked=true
PA3.Signal=GPIO_Output
PA2.Locked=true
PA6.GPIOParameters=GPIO_Label
ProjectManager.ProjectFileName=front.ioc
PB8.GPIOParameters=GPIO_Label
PB9.GPIO_Label=WR_A1
PA10.Mode=Asynchronous
Mcu.PinsNb=34
ProjectManager.NoMain=false
PB11.GPIO_Label=A0_V1
PC13-TAMPER-RTC.Signal=GPIO_Output
PA11.GPIO_Label=ROT_A_A
ProjectManager.DefaultFWLocation=true
PD0-OSC_IN.Signal=GPIO_Output
PB12.Locked=true
ProjectManager.DeletePrevious=true
PB14.Locked=true
PB10.Locked=true
PC14-OSC32_IN.Signal=GPIO_Output
PB13.GPIO_ModeDefaultEXTI=GPIO_MODE_IT_RISING_FALLING
PA12.GPIO_Label=ROT_A_B
RCC.FamilyName=M
PA0-WKUP.GPIO_Label=D0
PA0-WKUP.Signal=GPIO_Output
PA0-WKUP.Locked=true
PB9.GPIOParameters=GPIO_Label
PA13.Signal=SYS_JTMS-SWDIO
PB8.GPIO_Label=RELAY
PA11.Locked=true
PA9.Mode=Asynchronous
PA8.GPIO_Label=ROT_A_S
PC15-OSC32_OUT.Locked=true
ProjectManager.TargetToolchain=STM32CubeIDE
PB10.GPIO_Label=WR_V1
PB2.GPIOParameters=GPIO_Label
PA9.Signal=USART1_TX
PB11.GPIOParameters=GPIO_Label
PB9.Locked=true
ProjectManager.RegisterCallBack=
PC13-TAMPER-RTC.Locked=true
TIM15.IPParameters=Prescaler,Period
PC15-OSC32_OUT.Signal=GPIO_Output
PA1.Signal=GPIO_Output
PB1.Locked=true
PB10.Signal=GPIO_Output
PB14.Signal=GPIO_Input
PA5.Signal=GPIO_Output
NVIC.TIM1_BRK_TIM15_IRQn=true\:0\:0\:false\:false\:true\:true\:true
board=custom
PD0-OSC_IN.GPIO_Label=A0_A1
ProjectManager.LastFirmware=false
PC13-TAMPER-RTC.GPIO_Label=WR_A0
RCC.APB2Freq_Value=24000000
MxCube.Version=6.2.1
PB15.GPIO_Label=ROT_V_S
Mcu.Pin30=PB8
PA1.GPIO_Label=D1
VP_SYS_VS_Systick.Mode=SysTick
Mcu.Pin33=VP_TIM15_VS_ClockSourceINT
Mcu.Pin31=PB9
Mcu.Pin32=VP_SYS_VS_Systick
NVIC.NonMaskableInt_IRQn=true\:0\:0\:false\:false\:true\:false\:false
PA4.GPIOParameters=GPIO_Label
PB15.GPIOParameters=GPIO_Label
PA13.Mode=Serial_Wire
ProjectManager.FreePins=false
RCC.IPParameters=ADCFreqValue,AHBFreq_Value,APB1Freq_Value,APB1TimFreq_Value,APB2Freq_Value,APB2TimFreq_Value,FCLKCortexFreq_Value,FamilyName,HCLKFreq_Value,MCOFreq_Value,PLLCLKFreq_Value,PLLMCOFreq_Value,PLLMUL,SYSCLKFreq_VALUE,SYSCLKSource,TimSysFreq_Value
ProjectManager.AskForMigrate=true
Mcu.Name=STM32F100C(4-6)Tx
Mcu.Pin26=PA13
PD0-OSC_IN.GPIOParameters=GPIO_Label
Mcu.Pin27=PA14
PA2.Signal=GPIO_Output
Mcu.Pin24=PA11
ProjectManager.UnderRoot=true
Mcu.Pin25=PA12
PB2.Locked=true
Mcu.Pin28=PB6
Mcu.Pin29=PB7
ProjectManager.CoupleFile=true
PA4.Signal=GPIO_Output
RCC.SYSCLKFreq_VALUE=24000000
Mcu.Pin22=PA9
Mcu.Pin23=PA10
RCC.TimSysFreq_Value=24000000
PA1.Locked=true
Mcu.Pin20=PB15
PA3.Locked=true
Mcu.Pin21=PA8
PA5.GPIO_Label=D5
NVIC.ForceEnableDMAVector=true
KeepUserPlacement=false
NVIC.MemoryManagement_IRQn=true\:0\:0\:false\:false\:true\:false\:false
USART1.VirtualMode=VM_ASYNC
ProjectManager.CompilerOptimize=6
PB7.Mode=I2C
PA11.Signal=GPXTI11
VP_TIM15_VS_ClockSourceINT.Mode=Internal
NVIC.EXTI9_5_IRQn=true\:0\:0\:false\:false\:true\:true\:true
PA14.Signal=SYS_JTCK-SWCLK
PB2.GPIO_Label=A1_V0
ProjectManager.HeapSize=0x200
Mcu.Pin15=PB10
NVIC.HardFault_IRQn=true\:0\:0\:false\:false\:true\:false\:false
Mcu.Pin16=PB11
Mcu.Pin13=PB1
Mcu.Pin14=PB2
Mcu.Pin19=PB14
SH.GPXTI15.ConfNb=1
ProjectManager.ComputerToolchain=false
Mcu.Pin17=PB12
Mcu.Pin18=PB13
NVIC.PriorityGroup=NVIC_PRIORITYGROUP_4
Mcu.Pin11=PA6
SH.GPXTI15.0=GPIO_EXTI15
Mcu.Pin12=PB0
Mcu.Pin10=PA5
PB8.Signal=GPIO_Output
PA11.GPIO_ModeDefaultEXTI=GPIO_MODE_IT_RISING_FALLING
RCC.APB1Freq_Value=24000000
PB0.Signal=GPIO_Output
PD0-OSC_IN.Locked=true
PB11.Locked=true
ProjectManager.DeviceId=STM32F100C6Tx
PB12.GPIOParameters=GPIO_Label
PB12.Signal=GPIO_Output
ProjectManager.LibraryCopy=1
PA3.GPIO_Label=D3
PB1.GPIOParameters=GPIO_Label
PA6.Locked=true
isbadioc=false
